
Microsoft Visual Studio Solution File, Format Version 12.00
# Visual Studio Express 2012 for Windows Desktop
Project("{FAE04EC0-301F-11D3-BF4B-00C04F79EFBC}") = "RatLab", "RatLab\RatLab.csproj", "{1EE49FCD-E4F0-40CF-A9E0-C3ABDD4A833C}"
EndProject
Global
	GlobalSection(SolutionConfigurationPlatforms) = preSolution
		Debug|Any CPU = Debug|Any CPU
		Release|Any CPU = Release|Any CPU
	EndGlobalSection
	GlobalSection(ProjectConfigurationPlatforms) = postSolution
		{1EE49FCD-E4F0-40CF-A9E0-C3ABDD4A833C}.Debug|Any CPU.ActiveCfg = Debug|Any CPU
		{1EE49FCD-E4F0-40CF-A9E0-C3ABDD4A833C}.Debug|Any CPU.Build.0 = Debug|Any CPU
		{1EE49FCD-E4F0-40CF-A9E0-C3ABDD4A833C}.Release|Any CPU.ActiveCfg = Release|Any CPU
		{1EE49FCD-E4F0-40CF-A9E0-C3ABDD4A833C}.Release|Any CPU.Build.0 = Release|Any CPU
	EndGlobalSection
	GlobalSection(SolutionProperties) = preSolution
		HideSolutionNode = FALSE
	EndGlobalSection
EndGlobal
